version = 1
revision = 3
requires-python = ">=3.14"

[[package]]
name = "beautifulsoup4"
version = "4.14.3"
source = { registry = "https://pypi.org/simple" }
dependencies = [
    { name = "soupsieve" },
    { name = "typing-extensions" },
]
sdist = { url = "https://files.pythonhosted.org/packages/c3/b0/1c6a16426d389813b48d95e26898aff79abbde42ad353958ad95cc8c9b21/beautifulsoup4-4.14.3.tar.gz", hash = "sha256:6292b1c5186d356bba669ef9f7f051757099565ad9ada5dd630bd9de5fa7fb86", size = 627737, upload-time = "2025-11-30T15:08:26.084Z" }
wheels = [
    { url = "https://files.pythonhosted.org/packages/1a/39/47f9197bdd44df24d67ac8893641e16f386c984a0619ef2ee4c51fbbc019/beautifulsoup4-4.14.3-py3-none-any.whl", hash = "sha256:0918bfe44902e6ad8d57732ba310582e98da931428d231a5ecb9e7c703a735bb", size = 107721, upload-time = "2025-11-30T15:08:24.087Z" },
]

[[package]]
name = "certifi"
version = "2025.11.12"
source = { registry = "https://pypi.org/simple" }
sdist = { url = "https://files.pythonhosted.org/packages/a2/8c/58f469717fa48465e4a50c014a0400602d3c437d7c0c468e17ada824da3a/certifi-2025.11.12.tar.gz", hash = "sha256:d8ab5478f2ecd78af242878415affce761ca6bc54a22a27e026d7c25357c3316", size = 160538, upload-time = "2025-11-12T02:54:51.517Z" }
wheels = [
    { url = "https://files.pythonhosted.org/packages/70/7d/9bc192684cea499815ff478dfcdc13835ddf401365057044fb721ec6bddb/certifi-2025.11.12-py3-none-any.whl", hash = "sha256:97de8790030bbd5c2d96b7ec782fc2f7820ef8dba6db909ccf95449f2d062d4b", size = 159438, upload-time = "2025-11-12T02:54:49.735Z" },
]

[[package]]
name = "charset-normalizer"
version = "3.4.4"
source = { registry = "https://pypi.org/simple" }
sdist = { url = "https://files.pythonhosted.org/packages/13/69/33ddede1939fdd074bce5434295f38fae7136463422fe4fd3e0e89b98062/charset_normalizer-3.4.4.tar.gz", hash = "sha256:94537985111c35f28720e43603b8e7b43a6ecfb2ce1d3058bbe955b73404e21a", size = 129418, upload-time = "2025-10-14T04:42:32.879Z" }
wheels = [
    { url = "https://files.pythonhosted.org/packages/2a/35/7051599bd493e62411d6ede36fd5af83a38f37c4767b92884df7301db25d/charset_normalizer-3.4.4-cp314-cp314-macosx_10_13_universal2.whl", hash = "sha256:da3326d9e65ef63a817ecbcc0df6e94463713b754fe293eaa03da99befb9a5bd", size = 207746, upload-time = "2025-10-14T04:41:33.773Z" },
    { url = "https://files.pythonhosted.org/packages/10/9a/97c8d48ef10d6cd4fcead2415523221624bf58bcf68a802721a6bc807c8f/charset_normalizer-3.4.4-cp314-cp314-manylinux2014_aarch64.manylinux_2_17_aarch64.manylinux_2_28_aarch64.whl", hash = "sha256:8af65f14dc14a79b924524b1e7fffe304517b2bff5a58bf64f30b98bbc5079eb", size = 147889, upload-time = "2025-10-14T04:41:34.897Z" },
    { url = "https://files.pythonhosted.org/packages/10/bf/979224a919a1b606c82bd2c5fa49b5c6d5727aa47b4312bb27b1734f53cd/charset_normalizer-3.4.4-cp314-cp314-manylinux2014_armv7l.manylinux_2_17_armv7l.manylinux_2_31_armv7l.whl", hash = "sha256:74664978bb272435107de04e36db5a9735e78232b85b77d45cfb38f758efd33e", size = 143641, upload-time = "2025-10-14T04:41:36.116Z" },
    { url = "https://files.pythonhosted.org/packages/ba/33/0ad65587441fc730dc7bd90e9716b30b4702dc7b617e6ba4997dc8651495/charset_normalizer-3.4.4-cp314-cp314-manylinux2014_ppc64le.manylinux_2_17_ppc64le.manylinux_2_28_ppc64le.whl", hash = "sha256:752944c7ffbfdd10c074dc58ec2d5a8a4cd9493b314d367c14d24c17684ddd14", size = 160779, upload-time = "2025-10-14T04:41:37.229Z" },
    { url = "https://files.pythonhosted.org/packages/67/ed/331d6b249259ee71ddea93f6f2f0a56cfebd46938bde6fcc6f7b9a3d0e09/charset_normalizer-3.4.4-cp314-cp314-manylinux2014_s390x.manylinux_2_17_s390x.manylinux_2_28_s390x.whl", hash = "sha256:d1f13550535ad8cff21b8d757a3257963e951d96e20ec82ab44bc64aeb62a191", size = 159035, upload-time = "2025-10-14T04:41:38.368Z" },
    { url = "https://files.pythonhosted.org/packages/67/ff/f6b948ca32e4f2a4576aa129d8bed61f2e0543bf9f5f2b7fc3758ed005c9/charset_normalizer-3.4.4-cp314-cp314-manylinux2014_x86_64.manylinux_2_17_x86_64.manylinux_2_28_x86_64.whl", hash = "sha256:ecaae4149d99b1c9e7b88bb03e3221956f68fd6d50be2ef061b2381b61d20838", size = 152542, upload-time = "2025-10-14T04:41:39.862Z" },
    { url = "https://files.pythonhosted.org/packages/16/85/276033dcbcc369eb176594de22728541a925b2632f9716428c851b149e83/charset_normalizer-3.4.4-cp314-cp314-manylinux_2_31_riscv64.manylinux_2_39_riscv64.whl", hash = "sha256:cb6254dc36b47a990e59e1068afacdcd02958bdcce30bb50cc1700a8b9d624a6", size = 149524, upload-time = "2025-10-14T04:41:41.319Z" },
    { url = "https://files.pythonhosted.org/packages/9e/f2/6a2a1f722b6aba37050e626530a46a68f74e63683947a8acff92569f979a/charset_normalizer-3.4.4-cp314-cp314-musllinux_1_2_aarch64.whl", hash = "sha256:c8ae8a0f02f57a6e61203a31428fa1d677cbe50c93622b4149d5c0f319c1d19e", size = 150395, upload-time = "2025-10-14T04:41:42.539Z" },
    { url = "https://files.pythonhosted.org/packages/60/bb/2186cb2f2bbaea6338cad15ce23a67f9b0672929744381e28b0592676824/charset_normalizer-3.4.4-cp314-cp314-musllinux_1_2_armv7l.whl", hash = "sha256:47cc91b2f4dd2833fddaedd2893006b0106129d4b94fdb6af1f4ce5a9965577c", size = 143680, upload-time = "2025-10-14T04:41:43.661Z" },
    { url = "https://files.pythonhosted.org/packages/7d/a5/bf6f13b772fbb2a90360eb620d52ed8f796f3c5caee8398c3b2eb7b1c60d/charset_normalizer-3.4.4-cp314-cp314-musllinux_1_2_ppc64le.whl", hash = "sha256:82004af6c302b5d3ab2cfc4cc5f29db16123b1a8417f2e25f9066f91d4411090", size = 162045, upload-time = "2025-10-14T04:41:44.821Z" },
    { url = "https://files.pythonhosted.org/packages/df/c5/d1be898bf0dc3ef9030c3825e5d3b83f2c528d207d246cbabe245966808d/charset_normalizer-3.4.4-cp314-cp314-musllinux_1_2_riscv64.whl", hash = "sha256:2b7d8f6c26245217bd2ad053761201e9f9680f8ce52f0fcd8d0755aeae5b2152", size = 149687, upload-time = "2025-10-14T04:41:46.442Z" },
    { url = "https://files.pythonhosted.org/packages/a5/42/90c1f7b9341eef50c8a1cb3f098ac43b0508413f33affd762855f67a410e/charset_normalizer-3.4.4-cp314-cp314-musllinux_1_2_s390x.whl", hash = "sha256:799a7a5e4fb2d5898c60b640fd4981d6a25f1c11790935a44ce38c54e985f828", size = 160014, upload-time = "2025-10-14T04:41:47.631Z" },
    { url = "https://files.pythonhosted.org/packages/76/be/4d3ee471e8145d12795ab655ece37baed0929462a86e72372fd25859047c/charset_normalizer-3.4.4-cp314-cp314-musllinux_1_2_x86_64.whl", hash = "sha256:99ae2cffebb06e6c22bdc25801d7b30f503cc87dbd283479e7b606f70aff57ec", size = 154044, upload-time = "2025-10-14T04:41:48.81Z" },
    { url = "https://files.pythonhosted.org/packages/b0/6f/8f7af07237c34a1defe7defc565a9bc1807762f672c0fde711a4b22bf9c0/charset_normalizer-3.4.4-cp314-cp314-win32.whl", hash = "sha256:f9d332f8c2a2fcbffe1378594431458ddbef721c1769d78e2cbc06280d8155f9", size = 99940, upload-time = "2025-10-14T04:41:49.946Z" },
    { url = "https://files.pythonhosted.org/packages/4b/51/8ade005e5ca5b0d80fb4aff72a3775b325bdc3d27408c8113811a7cbe640/charset_normalizer-3.4.4-cp314-cp314-win_amd64.whl", hash = "sha256:8a6562c3700cce886c5be75ade4a5db4214fda19fede41d9792d100288d8f94c", size = 107104, upload-time = "2025-10-14T04:41:51.051Z" },
    { url = "https://files.pythonhosted.org/packages/da/5f/6b8f83a55bb8278772c5ae54a577f3099025f9ade59d0136ac24a0df4bde/charset_normalizer-3.4.4-cp314-cp314-win_arm64.whl", hash = "sha256:de00632ca48df9daf77a2c65a484531649261ec9f25489917f09e455cb09ddb2", size = 100743, upload-time = "2025-10-14T04:41:52.122Z" },
    { url = "https://files.pythonhosted.org/packages/0a/4c/925909008ed5a988ccbb72dcc897407e5d6d3bd72410d69e051fc0c14647/charset_normalizer-3.4.4-py3-none-any.whl", hash = "sha256:7a32c560861a02ff789ad905a2fe94e3f840803362c84fecf1851cb4cf3dc37f", size = 53402, upload-time = "2025-10-14T04:42:31.76Z" },
]

[[package]]
name = "future"
version = "1.0.0"
source = { registry = "https://pypi.org/simple" }
sdist = { url = "https://files.pythonhosted.org/packages/a7/b2/4140c69c6a66432916b26158687e821ba631a4c9273c474343badf84d3ba/future-1.0.0.tar.gz", hash = "sha256:bd2968309307861edae1458a4f8a4f3598c03be43b97521076aebf5d94c07b05", size = 1228490, upload-time = "2024-02-21T11:52:38.461Z" }
wheels = [
    { url = "https://files.pythonhosted.org/packages/da/71/ae30dadffc90b9006d77af76b393cb9dfbfc9629f339fc1574a1c52e6806/future-1.0.0-py3-none-any.whl", hash = "sha256:929292d34f5872e70396626ef385ec22355a1fae8ad29e1a734c3e43f9fbc216", size = 491326, upload-time = "2024-02-21T11:52:35.956Z" },
]

[[package]]
name = "idna"
version = "3.11"
source = { registry = "https://pypi.org/simple" }
sdist = { url = "https://files.pythonhosted.org/packages/6f/6d/0703ccc57f3a7233505399edb88de3cbd678da106337b9fcde432b65ed60/idna-3.11.tar.gz", hash = "sha256:795dafcc9c04ed0c1fb032c2aa73654d8e8c5023a7df64a53f39190ada629902", size = 194582, upload-time = "2025-10-12T14:55:20.501Z" }
wheels = [
    { url = "https://files.pythonhosted.org/packages/0e/61/66938bbb5fc52dbdf84594873d5b51fb1f7c7794e9c0f5bd885f30bc507b/idna-3.11-py3-none-any.whl", hash = "sha256:771a87f49d9defaf64091e6e6fe9c18d4833f140bd19464795bc32d966ca37ea", size = 71008, upload-time = "2025-10-12T14:55:18.883Z" },
]

[[package]]
name = "lzstring"
version = "1.0.4"
source = { registry = "https://pypi.org/simple" }
dependencies = [
    { name = "future" },
]
sdist = { url = "https://files.pythonhosted.org/packages/ab/0c/28347673b45e5f0975cdf1f6d69ede6ad049be873194c4e164d79aecd34c/lzstring-1.0.4.tar.gz", hash = "sha256:1afa61e598193fbcc211e0899f09a9679e33f9102bccc37fbfda0b7fef4d9ea2", size = 4256, upload-time = "2018-06-01T02:32:12.639Z" }

[[package]]
name = "markdown"
version = "3.10.2"
source = { registry = "https://pypi.org/simple" }
sdist = { url = "https://files.pythonhosted.org/packages/2b/f4/69fa6ed85ae003c2378ffa8f6d2e3234662abd02c10d216c0ba96081a238/markdown-3.10.2.tar.gz", hash = "sha256:994d51325d25ad8aa7ce4ebaec003febcce822c3f8c911e3b17c52f7f589f950", size = 368805, upload-time = "2026-02-09T14:57:26.942Z" }
wheels = [
    { url = "https://files.pythonhosted.org/packages/de/1f/77fa3081e4f66ca3576c896ae5d31c3002ac6607f9747d2e3aa49227e464/markdown-3.10.2-py3-none-any.whl", hash = "sha256:e91464b71ae3ee7afd3017d9f358ef0baf158fd9a298db92f1d4761133824c36", size = 108180, upload-time = "2026-02-09T14:57:25.787Z" },
]

[[package]]
name = "markdown-it-py"
version = "4.0.0"
source = { registry = "https://pypi.org/simple" }
dependencies = [
    { name = "mdurl" },
]
sdist = { url = "https://files.pythonhosted.org/packages/5b/f5/4ec618ed16cc4f8fb3b701563655a69816155e79e24a17b651541804721d/markdown_it_py-4.0.0.tar.gz", hash = "sha256:cb0a2b4aa34f932c007117b194e945bd74e0ec24133ceb5bac59009cda1cb9f3", size = 73070, upload-time = "2025-08-11T12:57:52.854Z" }
wheels = [
    { url = "https://files.pythonhosted.org/packages/94/54/e7d793b573f298e1c9013b8c4dade17d481164aa517d1d7148619c2cedbf/markdown_it_py-4.0.0-py3-none-any.whl", hash = "sha256:87327c59b172c5011896038353a81343b6754500a08cd7a4973bb48c6d578147", size = 87321, upload-time = "2025-08-11T12:57:51.923Z" },
]

[[package]]
name = "mdurl"
version = "0.1.2"
source = { registry = "https://pypi.org/simple" }
sdist = { url = "https://files.pythonhosted.org/packages/d6/54/cfe61301667036ec958cb99bd3efefba235e65cdeb9c84d24a8293ba1d90/mdurl-0.1.2.tar.gz", hash = "sha256:bb413d29f5eea38f31dd4754dd7377d4465116fb207585f97bf925588687c1ba", size = 8729, upload-time = "2022-08-14T12:40:10.846Z" }
wheels = [
    { url = "https://files.pythonhosted.org/packages/b3/38/89ba8ad64ae25be8de66a6d463314cf1eb366222074cfda9ee839c56a4b4/mdurl-0.1.2-py3-none-any.whl", hash = "sha256:84008a41e51615a49fc9966191ff91509e3c40b939176e643fd50a5c2196b8f8", size = 9979, upload-time = "2022-08-14T12:40:09.779Z" },
]

[[package]]
name = "pygments"
version = "2.20.0"
source = { registry = "https://pypi.org/simple" }
sdist = { url = "https://files.pythonhosted.org/packages/c3/b2/bc9c9196916376152d655522fdcebac55e66de6603a76a02bca1b6414f6c/pygments-2.20.0.tar.gz", hash = "sha256:6757cd03768053ff99f3039c1a36d6c0aa0b263438fcab17520b30a303a82b5f", size = 4955991, upload-time = "2026-03-29T13:29:33.898Z" }
wheels = [
    { url = "https://files.pythonhosted.org/packages/f4/7e/a72dd26f3b0f4f2bf1dd8923c85f7ceb43172af56d63c7383eb62b332364/pygments-2.20.0-py3-none-any.whl", hash = "sha256:81a9e26dd42fd28a23a2d169d86d7ac03b46e2f8b59ed4698fb4785f946d0176", size = 1231151, upload-time = "2026-03-29T13:29:30.038Z" },
]

[[package]]
name = "requests"
version = "2.34.2"
source = { registry = "https://pypi.org/simple" }
dependencies = [
    { name = "certifi" },
    { name = "charset-normalizer" },
    { name = "idna" },
    { name = "urllib3" },
]
sdist = { url = "https://files.pythonhosted.org/packages/ac/c3/e2a2b89f2d3e2179abd6d00ebd70bff6273f37fb3e0cc209f48b39d00cbf/requests-2.34.2.tar.gz", hash = "sha256:f288924cae4e29463698d6d60bc6a4da69c89185ad1e0bcc4104f584e960b9ed", size = 142856, upload-time = "2026-05-14T19:25:27.735Z" }
wheels = [
    { url = "https://files.pythonhosted.org/packages/a0/f4/c67b0b3f1b9245e8d266f0f112c500d50e5b4e83cb6f3b71b6528104182a/requests-2.34.2-py3-none-any.whl", hash = "sha256:2a0d60c172f83ac6ab31e4554906c0f3b3588d37b5cb939b1c061f4907e278e0", size = 73075, upload-time = "2026-05-14T19:25:26.443Z" },
]

[[package]]
name = "rich"
version = "14.2.0"
source = { registry = "https://pypi.org/simple" }
dependencies = [
    { name = "markdown-it-py" },
    { name = "pygments" },
]
sdist = { url = "https://files.pythonhosted.org/packages/fb/d2/8920e102050a0de7bfabeb4c4614a49248cf8d5d7a8d01885fbb24dc767a/rich-14.2.0.tar.gz", hash = "sha256:73ff50c7c0c1c77c8243079283f4edb376f0f6442433aecb8ce7e6d0b92d1fe4", size = 219990, upload-time = "2025-10-09T14:16:53.064Z" }
wheels = [
    { url = "https://files.pythonhosted.org/packages/25/7a/b0178788f8dc6cafce37a212c99565fa1fe7872c70c6c9c1e1a372d9d88f/rich-14.2.0-py3-none-any.whl", hash = "sha256:76bc51fe2e57d2b1be1f96c524b890b816e334ab4c1e45888799bfaab0021edd", size = 243393, upload-time = "2025-10-09T14:16:51.245Z" },
]

[[package]]
name = "server-backend"
version = "0.1.0"
source = { virtual = "." }
dependencies = [
    { name = "beautifulsoup4" },
    { name = "lzstring" },
    { name = "markdown" },
    { name = "requests" },
    { name = "rich" },
    { name = "ujson" },
]

[package.metadata]
requires-dist = [
    { name = "beautifulsoup4", specifier = ">=4.14.3" },
    { name = "lzstring", specifier = ">=1.0.4" },
    { name = "markdown", specifier = ">=3.10" },
    { name = "requests", specifier = ">=2.32.5" },
    { name = "rich", specifier = ">=14.2.0" },
    { name = "ujson", specifier = ">=5.11.0" },
]

[[package]]
name = "soupsieve"
version = "2.8.1"
source = { registry = "https://pypi.org/simple" }
sdist = { url = "https://files.pythonhosted.org/packages/89/23/adf3796d740536d63a6fbda113d07e60c734b6ed5d3058d1e47fc0495e47/soupsieve-2.8.1.tar.gz", hash = "sha256:4cf733bc50fa805f5df4b8ef4740fc0e0fa6218cf3006269afd3f9d6d80fd350", size = 117856, upload-time = "2025-12-18T13:50:34.655Z" }
wheels = [
    { url = "https://files.pythonhosted.org/packages/48/f3/b67d6ea49ca9154453b6d70b34ea22f3996b9fa55da105a79d8732227adc/soupsieve-2.8.1-py3-none-any.whl", hash = "sha256:a11fe2a6f3d76ab3cf2de04eb339c1be5b506a8a47f2ceb6d139803177f85434", size = 36710, upload-time = "2025-12-18T13:50:33.267Z" },
]

[[package]]
name = "typing-extensions"
version = "4.15.0"
source = { registry = "https://pypi.org/simple" }
sdist = { url = "https://files.pythonhosted.org/packages/72/94/1a15dd82efb362ac84269196e94cf00f187f7ed21c242792a923cdb1c61f/typing_extensions-4.15.0.tar.gz", hash = "sha256:0cea48d173cc12fa28ecabc3b837ea3cf6f38c6d1136f85cbaaf598984861466", size = 109391, upload-time = "2025-08-25T13:49:26.313Z" }
wheels = [
    { url = "https://files.pythonhosted.org/packages/18/67/36e9267722cc04a6b9f15c7f3441c2363321a3ea07da7ae0c0707beb2a9c/typing_extensions-4.15.0-py3-none-any.whl", hash = "sha256:f0fa19c6845758ab08074a0cfa8b7aecb71c999ca73d62883bc25cc018c4e548", size = 44614, upload-time = "2025-08-25T13:49:24.86Z" },
]

[[package]]
name = "ujson"
version = "5.12.1"
source = { registry = "https://pypi.org/simple" }
sdist = { url = "https://files.pythonhosted.org/packages/bc/78/937198ea8708182dd1edbf0237bf255a96feab3f511691ad08b84da98e5d/ujson-5.12.1.tar.gz", hash = "sha256:5b7e96406c301a1366534479a7352ec40ec68bb327c0c119091635acd5925e35", size = 7164538, upload-time = "2026-05-05T22:05:01.354Z" }
wheels = [
    { url = "https://files.pythonhosted.org/packages/f8/ca/d88d86f90f8f237985f3e347b9a4f9fa24e8d30d19ec7d477ed18aa58393/ujson-5.12.1-cp314-cp314-macosx_10_15_x86_64.whl", hash = "sha256:6f19e9a407a24230df0cc1ec1c0f5999872ba526b14a780f80ad6479f5eed9bc", size = 58099, upload-time = "2026-05-05T22:04:06.688Z" },
    { url = "https://files.pythonhosted.org/packages/ae/2d/a0a88407cee3550f7ed1e49b41157ee2d410f51905ed51fb134844255280/ujson-5.12.1-cp314-cp314-macosx_11_0_arm64.whl", hash = "sha256:8b657e870c77aaacdeea86cfad3e6d2ef9b52517e45988c9c367f7ee764fe4dd", size = 55631, upload-time = "2026-05-05T22:04:07.925Z" },
    { url = "https://files.pythonhosted.org/packages/a9/6d/12a3b8e72132db244ae048075e71a0079b3c5f61ff45b7ca81d5193ab3e7/ujson-5.12.1-cp314-cp314-manylinux_2_24_aarch64.manylinux_2_28_aarch64.whl", hash = "sha256:984b5a99d1e0a037c2046c3c4b34cec832565d62d5017be0a035bf3cbfab72dc", size = 59469, upload-time = "2026-05-05T22:04:09.208Z" },
    { url = "https://files.pythonhosted.org/packages/a2/72/310f8c21737554f2d2b4f1883e1a71e8a6ab0d8f92f0feb8aaa85e0f4b66/ujson-5.12.1-cp314-cp314-manylinux_2_24_i686.manylinux_2_28_i686.whl", hash = "sha256:f48ef8a16f1d85bd7982beac7adfd3fb704058631db84c1c61c8a1b7072b1508", size = 61611, upload-time = "2026-05-05T22:04:10.836Z" },
    { url = "https://files.pythonhosted.org/packages/50/50/ab4b2f7bab6c7a67298c8f2aca80e2082eaf6f332cf2d099762647b5301e/ujson-5.12.1-cp314-cp314-manylinux_2_24_x86_64.manylinux_2_28_x86_64.whl", hash = "sha256:4f39ba3b65cc637b59731532f7e7c807786bff1d0332ab2d5b96a04d2584d78f", size = 59122, upload-time = "2026-05-05T22:04:12.137Z" },
    { url = "https://files.pythonhosted.org/packages/21/48/5d81cbe76fc2aa9e071aa489a3041cf0712f5e0663d60d501641f92b7bb4/ujson-5.12.1-cp314-cp314-musllinux_1_2_aarch64.whl", hash = "sha256:07f307780f85b49cba93f291718421b6f5f3b627a323b431fad937a18f6587cb", size = 1038938, upload-time = "2026-05-05T22:04:13.548Z" },
    { url = "https://files.pythonhosted.org/packages/fb/a7/abe1acb0e5d8b8d724b35533a44c89684c88100a5fd9f2fee7f7155528d5/ujson-5.12.1-cp314-cp314-musllinux_1_2_i686.whl", hash = "sha256:1c335caea51c31494e514b82d50763b9792d3960d2c7d9fdb6b6fb8ed50ebdd0", size = 1198416, upload-time = "2026-05-05T22:04:15.609Z" },
    { url = "https://files.pythonhosted.org/packages/ed/6e/087067d6ee22bd01bfba9fb1f32ce98c24ae2bcbab53bd2fbf8f7a80fe9e/ujson-5.12.1-cp314-cp314-musllinux_1_2_x86_64.whl", hash = "sha256:19ea07e29a45d199f926aadf93a9974128438c01b83141fba32477c0ee604b33", size = 1091425, upload-time = "2026-05-05T22:04:17.909Z" },
    { url = "https://files.pythonhosted.org/packages/4e/d2/28938574b766980f873b68962abb4c68a944d939446768982934ad3bcd93/ujson-5.12.1-cp314-cp314-win32.whl", hash = "sha256:c8e626b6bc9bdd2e8f7393b7d99f3daa2ca4022e6203662e70de7bb3604b21b9", size = 42334, upload-time = "2026-05-05T22:04:19.85Z" },
    { url = "https://files.pythonhosted.org/packages/49/b0/0af30bf65d96b73c28054b344ebbe24bc96780ae8a7f2973f5dad979510a/ujson-5.12.1-cp314-cp314-win_amd64.whl", hash = "sha256:c6d3bdd020333688ee60559437021ed68a98a28fdd609b5af16de5dd58f90cba", size = 46586, upload-time = "2026-05-05T22:04:21.298Z" },
    { url = "https://files.pythonhosted.org/packages/4e/3b/0ee2555823724e60cc847c715c299f5792aa444bdde69c51d4aa42d885c2/ujson-5.12.1-cp314-cp314-win_arm64.whl", hash = "sha256:e3c9c894971f4ada3ded16a804ed4640e1f2b3e5239beaeec7c48296f39f4232", size = 41178, upload-time = "2026-05-05T22:04:22.597Z" },
    { url = "https://files.pythonhosted.org/packages/3f/3d/7547835cd0b7fa22eb1122702f81b2403c38a0027a2cc0d75acc449a4a66/ujson-5.12.1-cp314-cp314t-macosx_10_15_x86_64.whl", hash = "sha256:49dd9c378e1c8e676785ff2b62cb490074229f15ab54abf45b623713cb2c36b5", size = 58565, upload-time = "2026-05-05T22:04:23.75Z" },
    { url = "https://files.pythonhosted.org/packages/ed/6a/1784e0b24aab50623eb47b2f7a8dc22c9d809d798854d2568a9cb7c3560f/ujson-5.12.1-cp314-cp314t-macosx_11_0_arm64.whl", hash = "sha256:6d8827904358d7da59ccf2e1fd8de59e78248036d17fecc0462e62c6721f1102", size = 56157, upload-time = "2026-05-05T22:04:25.028Z" },
    { url = "https://files.pythonhosted.org/packages/91/2d/2c1b24df24eee309047d81460c3a1acf0d047207327edc6f3cab8a614985/ujson-5.12.1-cp314-cp314t-manylinux_2_24_aarch64.manylinux_2_28_aarch64.whl", hash = "sha256:dc26caebea90425662ef0b979f945f6ac832651881107d6ec9a3c4d4a4ba929c", size = 60288, upload-time = "2026-05-05T22:04:26.273Z" },
    { url = "https://files.pythonhosted.org/packages/c5/14/c0c603e3dff2ef98f7deee2df7795e6055abbc5825c6ef530024b3b06a15/ujson-5.12.1-cp314-cp314t-manylinux_2_24_i686.manylinux_2_28_i686.whl", hash = "sha256:45022aae09ac3d45bda6fbfc631088d1aff9a0465542d40bd6d295ced378c430", size = 62302, upload-time = "2026-05-05T22:04:27.516Z" },
    { url = "https://files.pythonhosted.org/packages/5c/0d/889bbc044561d9adc9bf413620fbd9878f352c9fd36da829d319bca2f5ad/ujson-5.12.1-cp314-cp314t-manylinux_2_24_x86_64.manylinux_2_28_x86_64.whl", hash = "sha256:b22aa0f644516d3d5b29464949e4b23fe784f84b4a1030ab9ac3cb42aaedabb1", size = 59784, upload-time = "2026-05-05T22:04:28.776Z" },
    { url = "https://files.pythonhosted.org/packages/18/35/3b1d8ff8cd6dc048f5c495af6ee6ded43055562610a7e9b78b438dc6421e/ujson-5.12.1-cp314-cp314t-musllinux_1_2_aarch64.whl", hash = "sha256:7dc5cf44ea42365cd1b66e6ed3fc6ca040c86587b024a6659b98e99d31cff2cd", size = 1039759, upload-time = "2026-05-05T22:04:30.291Z" },
    { url = "https://files.pythonhosted.org/packages/6a/d8/3c66cdf839420a6da2d6140a54a882c15efd135bcced103bd4473d577636/ujson-5.12.1-cp314-cp314t-musllinux_1_2_i686.whl", hash = "sha256:8df5d984ff4ac1ef292d70f30da03417038a7e1e0bc272d28ca9d34f02f41682", size = 1199121, upload-time = "2026-05-05T22:04:31.961Z" },
    { url = "https://files.pythonhosted.org/packages/54/51/c3d1b94a4ad27dc7532e9f7d00b869463157cede2295ba6d57566afeb8cd/ujson-5.12.1-cp314-cp314t-musllinux_1_2_x86_64.whl", hash = "sha256:485f0182a0c0b54c304061cdc826d8343ce595c4055f7a24e72772a8520e5f7b", size = 1092085, upload-time = "2026-05-05T22:04:33.697Z" },
    { url = "https://files.pythonhosted.org/packages/ae/52/4d4a6e78290a5eef3f576f6d281e6355535db903a08483fd1bb393bf8cb9/ujson-5.12.1-cp314-cp314t-win32.whl", hash = "sha256:4e12ca368b397aed7fa1eec534ea1ba8d94977b376f9df3e93ae1acfd004ec40", size = 43243, upload-time = "2026-05-05T22:04:35.486Z" },
    { url = "https://files.pythonhosted.org/packages/3d/c8/849366785de52b513e5fc89d7aea0b531e71bb5641407cbdfdf47a99ede8/ujson-5.12.1-cp314-cp314t-win_amd64.whl", hash = "sha256:cec6b9b539539affc1f01a795c99574592a635ce22331b64f2b42e0af570659e", size = 47662, upload-time = "2026-05-05T22:04:37.07Z" },
    { url = "https://files.pythonhosted.org/packages/8a/46/36a67f5a531a15308124786f3e2b7b96414b9d23dbcdc2a182dd3ffa2e1d/ujson-5.12.1-cp314-cp314t-win_arm64.whl", hash = "sha256:696224d4cfb8883fa5c0285dff31e5ce924704dd9ccd38e9ea8b5bf4a42b12fc", size = 41680, upload-time = "2026-05-05T22:04:39.083Z" },
]

[[package]]
name = "urllib3"
version = "2.7.0"
source = { registry = "https://pypi.org/simple" }
sdist = { url = "https://files.pythonhosted.org/packages/53/0c/06f8b233b8fd13b9e5ee11424ef85419ba0d8ba0b3138bf360be2ff56953/urllib3-2.7.0.tar.gz", hash = "sha256:231e0ec3b63ceb14667c67be60f2f2c40a518cb38b03af60abc813da26505f4c", size = 433602, upload-time = "2026-05-07T16:13:18.596Z" }
wheels = [
    { url = "https://files.pythonhosted.org/packages/7f/3e/5db95bcf282c52709639744ca2a8b149baccf648e39c8cc87553df9eae0c/urllib3-2.7.0-py3-none-any.whl", hash = "sha256:9fb4c81ebbb1ce9531cce37674bbc6f1360472bc18ca9a553ede278ef7276897", size = 131087, upload-time = "2026-05-07T16:13:17.151Z" },
]
